// !$*UTF8*$!
{
	archiveVersion = 1;
	classes = {
	};
	objectVersion = 46;
	objects = {

/* Begin PBXBuildFile section */
		CD3BD1B9A4B38783925D3A3D /* Pods.framework in Frameworks */ = {isa = PBXBuildFile; fileRef = 15EE9D6D1425EB124968F2B2 /* Pods.framework */; };
		F510160B1BEFAE4B0001A255 /* ColorPickerViewController.swift in Sources */ = {isa = PBXBuildFile; fileRef = F510160A1BEFAE4B0001A255 /* ColorPickerViewController.swift */; };
		F510160E1BEFC64E0001A255 /* DrawingOptions.swift in Sources */ = {isa = PBXBuildFile; fileRef = F510160D1BEFC64E0001A255 /* DrawingOptions.swift */; };
		F51016101BEFCAF70001A255 /* Stroke.swift in Sources */ = {isa = PBXBuildFile; fileRef = F510160F1BEFCAF70001A255 /* Stroke.swift */; };
		F51631351BF112A2005D997B /* Layer.swift in Sources */ = {isa = PBXBuildFile; fileRef = F51631341BF112A2005D997B /* Layer.swift */; };
		F52B74EC1BEF0660009612F8 /* AppDelegate.swift in Sources */ = {isa = PBXBuildFile; fileRef = F52B74EB1BEF0660009612F8 /* AppDelegate.swift */; };
		F52B74EE1BEF0660009612F8 /* DrawingViewController.swift in Sources */ = {isa = PBXBuildFile; fileRef = F52B74ED1BEF0660009612F8 /* DrawingViewController.swift */; };
		F52B74F11BEF0660009612F8 /* Main.storyboard in Resources */ = {isa = PBXBuildFile; fileRef = F52B74EF1BEF0660009612F8 /* Main.storyboard */; };
		F52B74F31BEF0660009612F8 /* Assets.xcassets in Resources */ = {isa = PBXBuildFile; fileRef = F52B74F21BEF0660009612F8 /* Assets.xcassets */; };
		F52B74F61BEF0660009612F8 /* LaunchScreen.storyboard in Resources */ = {isa = PBXBuildFile; fileRef = F52B74F41BEF0660009612F8 /* LaunchScreen.storyboard */; };
		F52B74FE1BEF06E3009612F8 /* DrawingView.swift in Sources */ = {isa = PBXBuildFile; fileRef = F52B74FD1BEF06E3009612F8 /* DrawingView.swift */; };
		F536EC231BFE19E100B14155 /* UIViewExtensions.swift in Sources */ = {isa = PBXBuildFile; fileRef = F536EC221BFE19E100B14155 /* UIViewExtensions.swift */; };
		F536EC251BFE1E1000B14155 /* UIImageEffects.swift in Sources */ = {isa = PBXBuildFile; fileRef = F536EC241BFE1E1000B14155 /* UIImageEffects.swift */; };
		F536EC271BFE208600B14155 /* UIColorExtensions.swift in Sources */ = {isa = PBXBuildFile; fileRef = F536EC261BFE208600B14155 /* UIColorExtensions.swift */; };
		F54BFA2D1BF788C70088BCF1 /* GoogleService-Info.plist in Resources */ = {isa = PBXBuildFile; fileRef = F54BFA2C1BF788C70088BCF1 /* GoogleService-Info.plist */; };
		F54BFA311BF7A3880088BCF1 /* GAHelper.swift in Sources */ = {isa = PBXBuildFile; fileRef = F54BFA301BF7A3880088BCF1 /* GAHelper.swift */; };
		F55FCFE61BF7674300CC4D1D /* UINavigationControllerExtensions.swift in Sources */ = {isa = PBXBuildFile; fileRef = F55FCFE51BF7674300CC4D1D /* UINavigationControllerExtensions.swift */; };
		F55FCFE81BF76DA000CC4D1D /* UIBezierPathExtensions.swift in Sources */ = {isa = PBXBuildFile; fileRef = F55FCFE71BF76DA000CC4D1D /* UIBezierPathExtensions.swift */; };
		F58206191BF6425100C1E491 /* iAd.framework in Frameworks */ = {isa = PBXBuildFile; fileRef = F58206181BF6425100C1E491 /* iAd.framework */; };
		F58F68321BF5098100F59996 /* LayerTableViewController.swift in Sources */ = {isa = PBXBuildFile; fileRef = F58F68311BF5098100F59996 /* LayerTableViewController.swift */; };
		F590C58F1BF57B0F00E4D2B1 /* FileSystemHelperFunctions.swift in Sources */ = {isa = PBXBuildFile; fileRef = F590C58E1BF57B0F00E4D2B1 /* FileSystemHelperFunctions.swift */; };
		F590C5911BF58F8C00E4D2B1 /* LayerEnum.swift in Sources */ = {isa = PBXBuildFile; fileRef = F590C5901BF58F8C00E4D2B1 /* LayerEnum.swift */; };
		F5D1F1911BF56C8400844824 /* Orientation.swift in Sources */ = {isa = PBXBuildFile; fileRef = F5D1F1901BF56C8400844824 /* Orientation.swift */; };
		F5F0F13D1BFD6C690099D9C1 /* MathHelper.swift in Sources */ = {isa = PBXBuildFile; fileRef = F5F0F13C1BFD6C690099D9C1 /* MathHelper.swift */; };
/* End PBXBuildFile section */

/* Begin PBXFileReference section */
		15EE9D6D1425EB124968F2B2 /* Pods.framework */ = {isa = PBXFileReference; explicitFileType = wrapper.framework; includeInIndex = 0; path = Pods.framework; sourceTree = BUILT_PRODUCTS_DIR; };
		591AED306C819495F17A3E64 /* Pods.release.xcconfig */ = {isa = PBXFileReference; includeInIndex = 1; lastKnownFileType = text.xcconfig; name = Pods.release.xcconfig; path = "Pods/Target Support Files/Pods/Pods.release.xcconfig"; sourceTree = "<group>"; };
		71CCA0E07E74FA513B7C2023 /* Pods.debug.xcconfig */ = {isa = PBXFileReference; includeInIndex = 1; lastKnownFileType = text.xcconfig; name = Pods.debug.xcconfig; path = "Pods/Target Support Files/Pods/Pods.debug.xcconfig"; sourceTree = "<group>"; };
		F510160A1BEFAE4B0001A255 /* ColorPickerViewController.swift */ = {isa = PBXFileReference; fileEncoding = 4; lastKnownFileType = sourcecode.swift; path = ColorPickerViewController.swift; sourceTree = "<group>"; };
		F510160D1BEFC64E0001A255 /* DrawingOptions.swift */ = {isa = PBXFileReference; fileEncoding = 4; lastKnownFileType = sourcecode.swift; path = DrawingOptions.swift; sourceTree = "<group>"; };
		F510160F1BEFCAF70001A255 /* Stroke.swift */ = {isa = PBXFileReference; fileEncoding = 4; lastKnownFileType = sourcecode.swift; path = Stroke.swift; sourceTree = "<group>"; };
		F51631341BF112A2005D997B /* Layer.swift */ = {isa = PBXFileReference; fileEncoding = 4; lastKnownFileType = sourcecode.swift; path = Layer.swift; sourceTree = "<group>"; };
		F52B74E81BEF0660009612F8 /* Drawn.app */ = {isa = PBXFileReference; explicitFileType = wrapper.application; includeInIndex = 0; path = Drawn.app; sourceTree = BUILT_PRODUCTS_DIR; };
		F52B74EB1BEF0660009612F8 /* AppDelegate.swift */ = {isa = PBXFileReference; lastKnownFileType = sourcecode.swift; path = AppDelegate.swift; sourceTree = "<group>"; };
		F52B74ED1BEF0660009612F8 /* DrawingViewController.swift */ = {isa = PBXFileReference; lastKnownFileType = sourcecode.swift; path = DrawingViewController.swift; sourceTree = "<group>"; };
		F52B74F01BEF0660009612F8 /* Base */ = {isa = PBXFileReference; lastKnownFileType = file.storyboard; name = Base; path = Base.lproj/Main.storyboard; sourceTree = "<group>"; };
		F52B74F21BEF0660009612F8 /* Assets.xcassets */ = {isa = PBXFileReference; lastKnownFileType = folder.assetcatalog; path = Assets.xcassets; sourceTree = "<group>"; };
		F52B74F51BEF0660009612F8 /* Base */ = {isa = PBXFileReference; lastKnownFileType = file.storyboard; name = Base; path = Base.lproj/LaunchScreen.storyboard; sourceTree = "<group>"; };
		F52B74F71BEF0660009612F8 /* Info.plist */ = {isa = PBXFileReference; lastKnownFileType = text.plist.xml; path = Info.plist; sourceTree = "<group>"; };
		F52B74FD1BEF06E3009612F8 /* DrawingView.swift */ = {isa = PBXFileReference; fileEncoding = 4; lastKnownFileType = sourcecode.swift; path = DrawingView.swift; sourceTree = "<group>"; };
		F536EC221BFE19E100B14155 /* UIViewExtensions.swift */ = {isa = PBXFileReference; fileEncoding = 4; lastKnownFileType = sourcecode.swift; path = UIViewExtensions.swift; sourceTree = "<group>"; };
		F536EC241BFE1E1000B14155 /* UIImageEffects.swift */ = {isa = PBXFileReference; fileEncoding = 4; lastKnownFileType = sourcecode.swift; path = UIImageEffects.swift; sourceTree = "<group>"; };
		F536EC261BFE208600B14155 /* UIColorExtensions.swift */ = {isa = PBXFileReference; fileEncoding = 4; lastKnownFileType = sourcecode.swift; path = UIColorExtensions.swift; sourceTree = "<group>"; };
		F54BFA2C1BF788C70088BCF1 /* GoogleService-Info.plist */ = {isa = PBXFileReference; fileEncoding = 4; lastKnownFileType = text.plist.xml; name = "GoogleService-Info.plist"; path = "../GoogleService-Info.plist"; sourceTree = "<group>"; };
		F54BFA2F1BF789B40088BCF1 /* Drawn-Bridging-Header.h */ = {isa = PBXFileReference; lastKnownFileType = sourcecode.c.h; path = "Drawn-Bridging-Header.h"; sourceTree = "<group>"; };
		F54BFA301BF7A3880088BCF1 /* GAHelper.swift */ = {isa = PBXFileReference; fileEncoding = 4; lastKnownFileType = sourcecode.swift; path = GAHelper.swift; sourceTree = "<group>"; };
		F55FCFE51BF7674300CC4D1D /* UINavigationControllerExtensions.swift */ = {isa = PBXFileReference; fileEncoding = 4; lastKnownFileType = sourcecode.swift; path = UINavigationControllerExtensions.swift; sourceTree = "<group>"; };
		F55FCFE71BF76DA000CC4D1D /* UIBezierPathExtensions.swift */ = {isa = PBXFileReference; fileEncoding = 4; lastKnownFileType = sourcecode.swift; path = UIBezierPathExtensions.swift; sourceTree = "<group>"; };
		F58206181BF6425100C1E491 /* iAd.framework */ = {isa = PBXFileReference; lastKnownFileType = wrapper.framework; name = iAd.framework; path = System/Library/Frameworks/iAd.framework; sourceTree = SDKROOT; };
		F58F68311BF5098100F59996 /* LayerTableViewController.swift */ = {isa = PBXFileReference; fileEncoding = 4; lastKnownFileType = sourcecode.swift; path = LayerTableViewController.swift; sourceTree = "<group>"; };
		F590C58E1BF57B0F00E4D2B1 /* FileSystemHelperFunctions.swift */ = {isa = PBXFileReference; fileEncoding = 4; lastKnownFileType = sourcecode.swift; path = FileSystemHelperFunctions.swift; sourceTree = "<group>"; };
		F590C5901BF58F8C00E4D2B1 /* LayerEnum.swift */ = {isa = PBXFileReference; fileEncoding = 4; lastKnownFileType = sourcecode.swift; path = LayerEnum.swift; sourceTree = "<group>"; };
		F5D1F1901BF56C8400844824 /* Orientation.swift */ = {isa = PBXFileReference; fileEncoding = 4; lastKnownFileType = sourcecode.swift; path = Orientation.swift; sourceTree = "<group>"; };
		F5F0F13C1BFD6C690099D9C1 /* MathHelper.swift */ = {isa = PBXFileReference; fileEncoding = 4; lastKnownFileType = sourcecode.swift; path = MathHelper.swift; sourceTree = "<group>"; };
/* End PBXFileReference section */

/* Begin PBXFrameworksBuildPhase section */
		F52B74E51BEF0660009612F8 /* Frameworks */ = {
			isa = PBXFrameworksBuildPhase;
			buildActionMask = 2147483647;
			files = (
				F58206191BF6425100C1E491 /* iAd.framework in Frameworks */,
				CD3BD1B9A4B38783925D3A3D /* Pods.framework in Frameworks */,
			);
			runOnlyForDeploymentPostprocessing = 0;
		};
/* End PBXFrameworksBuildPhase section */

/* Begin PBXGroup section */
		1AC569520CF9B245AA4D12B3 /* Pods */ = {
			isa = PBXGroup;
			children = (
				71CCA0E07E74FA513B7C2023 /* Pods.debug.xcconfig */,
				591AED306C819495F17A3E64 /* Pods.release.xcconfig */,
			);
			name = Pods;
			sourceTree = "<group>";
		};
		CE315080E2EEE3A829BEA530 /* Frameworks */ = {
			isa = PBXGroup;
			children = (
				F58206181BF6425100C1E491 /* iAd.framework */,
				15EE9D6D1425EB124968F2B2 /* Pods.framework */,
			);
			name = Frameworks;
			sourceTree = "<group>";
		};
		F51016041BEFACC50001A255 /* View Controllers */ = {
			isa = PBXGroup;
			children = (
				F52B74ED1BEF0660009612F8 /* DrawingViewController.swift */,
				F510160A1BEFAE4B0001A255 /* ColorPickerViewController.swift */,
				F58F68311BF5098100F59996 /* LayerTableViewController.swift */,
			);
			name = "View Controllers";
			sourceTree = "<group>";
		};
		F51016051BEFACD10001A255 /* Views */ = {
			isa = PBXGroup;
			children = (
				F52B74FD1BEF06E3009612F8 /* DrawingView.swift */,
			);
			name = Views;
			sourceTree = "<group>";
		};
		F51016061BEFACE00001A255 /* Supporting Files */ = {
			isa = PBXGroup;
			children = (
				F52B74EB1BEF0660009612F8 /* AppDelegate.swift */,
				F52B74F71BEF0660009612F8 /* Info.plist */,
				F54BFA2C1BF788C70088BCF1 /* GoogleService-Info.plist */,
				F54BFA2F1BF789B40088BCF1 /* Drawn-Bridging-Header.h */,
			);
			name = "Supporting Files";
			sourceTree = "<group>";
		};
		F51016071BEFACF50001A255 /* Assets */ = {
			isa = PBXGroup;
			children = (
				F52B74EF1BEF0660009612F8 /* Main.storyboard */,
				F52B74F41BEF0660009612F8 /* LaunchScreen.storyboard */,
				F52B74F21BEF0660009612F8 /* Assets.xcassets */,
			);
			name = Assets;
			sourceTree = "<group>";
		};
		F510160C1BEFC6420001A255 /* Models */ = {
			isa = PBXGroup;
			children = (
				F510160D1BEFC64E0001A255 /* DrawingOptions.swift */,
				F510160F1BEFCAF70001A255 /* Stroke.swift */,
				F51631341BF112A2005D997B /* Layer.swift */,
			);
			name = Models;
			sourceTree = "<group>";
		};
		F52B74DF1BEF0660009612F8 = {
			isa = PBXGroup;
			children = (
				F52B74EA1BEF0660009612F8 /* Drawn */,
				F52B74E91BEF0660009612F8 /* Products */,
				1AC569520CF9B245AA4D12B3 /* Pods */,
				CE315080E2EEE3A829BEA530 /* Frameworks */,
			);
			sourceTree = "<group>";
		};
		F52B74E91BEF0660009612F8 /* Products */ = {
			isa = PBXGroup;
			children = (
				F52B74E81BEF0660009612F8 /* Drawn.app */,
			);
			name = Products;
			sourceTree = "<group>";
		};
		F52B74EA1BEF0660009612F8 /* Drawn */ = {
			isa = PBXGroup;
			children = (
				F55FCFE41BF7672C00CC4D1D /* Extensions */,
				F590C58D1BF57AEC00E4D2B1 /* Enums */,
				F590C58C1BF57AE300E4D2B1 /* Helpers */,
				F510160C1BEFC6420001A255 /* Models */,
				F51016041BEFACC50001A255 /* View Controllers */,
				F51016051BEFACD10001A255 /* Views */,
				F51016071BEFACF50001A255 /* Assets */,
				F51016061BEFACE00001A255 /* Supporting Files */,
			);
			path = Drawn;
			sourceTree = "<group>";
		};
		F55FCFE41BF7672C00CC4D1D /* Extensions */ = {
			isa = PBXGroup;
			children = (
				F536EC241BFE1E1000B14155 /* UIImageEffects.swift */,
				F55FCFE51BF7674300CC4D1D /* UINavigationControllerExtensions.swift */,
				F55FCFE71BF76DA000CC4D1D /* UIBezierPathExtensions.swift */,
				F536EC221BFE19E100B14155 /* UIViewExtensions.swift */,
				F536EC261BFE208600B14155 /* UIColorExtensions.swift */,
			);
			name = Extensions;
			sourceTree = "<group>";
		};
		F590C58C1BF57AE300E4D2B1 /* Helpers */ = {
			isa = PBXGroup;
			children = (
				F590C58E1BF57B0F00E4D2B1 /* FileSystemHelperFunctions.swift */,
				F54BFA301BF7A3880088BCF1 /* GAHelper.swift */,
				F5F0F13C1BFD6C690099D9C1 /* MathHelper.swift */,
			);
			name = Helpers;
			sourceTree = "<group>";
		};
		F590C58D1BF57AEC00E4D2B1 /* Enums */ = {
			isa = PBXGroup;
			children = (
				F5D1F1901BF56C8400844824 /* Orientation.swift */,
				F590C5901BF58F8C00E4D2B1 /* LayerEnum.swift */,
			);
			name = Enums;
			sourceTree = "<group>";
		};
/* End PBXGroup section */

/* Begin PBXNativeTarget section */
		F52B74E71BEF0660009612F8 /* Drawn */ = {
			isa = PBXNativeTarget;
			buildConfigurationList = F52B74FA1BEF0660009612F8 /* Build configuration list for PBXNativeTarget "Drawn" */;
			buildPhases = (
				A37BF35B0950EB0A63A3ADD0 /* Check Pods Manifest.lock */,
				F52B74E41BEF0660009612F8 /* Sources */,
				F52B74E51BEF0660009612F8 /* Frameworks */,
				F52B74E61BEF0660009612F8 /* Resources */,
				717669179D55BB70A99E7E73 /* Embed Pods Frameworks */,
				FA5674774568B2D090B5148C /* Copy Pods Resources */,
			);
			buildRules = (
			);
			dependencies = (
			);
			name = Drawn;
			productName = Drawn;
			productReference = F52B74E81BEF0660009612F8 /* Drawn.app */;
			productType = "com.apple.product-type.application";
		};
/* End PBXNativeTarget section */

/* Begin PBXProject section */
		F52B74E01BEF0660009612F8 /* Project object */ = {
			isa = PBXProject;
			attributes = {
				LastSwiftUpdateCheck = 0710;
				LastUpgradeCheck = 0710;
				ORGANIZATIONNAME = "Aaron Sky";
				TargetAttributes = {
					F52B74E71BEF0660009612F8 = {
						CreatedOnToolsVersion = 7.1;
						DevelopmentTeam = 52W2H99QHH;
					};
				};
			};
			buildConfigurationList = F52B74E31BEF0660009612F8 /* Build configuration list for PBXProject "Drawn" */;
			compatibilityVersion = "Xcode 3.2";
			developmentRegion = English;
			hasScannedForEncodings = 0;
			knownRegions = (
				en,
				Base,
			);
			mainGroup = F52B74DF1BEF0660009612F8;
			productRefGroup = F52B74E91BEF0660009612F8 /* Products */;
			projectDirPath = "";
			projectRoot = "";
			targets = (
				F52B74E71BEF0660009612F8 /* Drawn */,
			);
		};
/* End PBXProject section */

/* Begin PBXResourcesBuildPhase section */
		F52B74E61BEF0660009612F8 /* Resources */ = {
			isa = PBXResourcesBuildPhase;
			buildActionMask = 2147483647;
			files = (
				F52B74F61BEF0660009612F8 /* LaunchScreen.storyboard in Resources */,
				F54BFA2D1BF788C70088BCF1 /* GoogleService-Info.plist in Resources */,
				F52B74F31BEF0660009612F8 /* Assets.xcassets in Resources */,
				F52B74F11BEF0660009612F8 /* Main.storyboard in Resources */,
			);
			runOnlyForDeploymentPostprocessing = 0;
		};
/* End PBXResourcesBuildPhase section */

/* Begin PBXShellScriptBuildPhase section */
		717669179D55BB70A99E7E73 /* Embed Pods Frameworks */ = {
			isa = PBXShellScriptBuildPhase;
			buildActionMask = 2147483647;
			files = (
			);
			inputPaths = (
			);
			name = "Embed Pods Frameworks";
			outputPaths = (
			);
			runOnlyForDeploymentPostprocessing = 0;
			shellPath = /bin/sh;
			shellScript = "\"${SRCROOT}/Pods/Target Support Files/Pods/Pods-frameworks.sh\"\n";
			showEnvVarsInLog = 0;
		};
		A37BF35B0950EB0A63A3ADD0 /* Check Pods Manifest.lock */ = {
			isa = PBXShellScriptBuildPhase;
			buildActionMask = 2147483647;
			files = (
			);
			inputPaths = (
			);
			name = "Check Pods Manifest.lock";
			outputPaths = (
			);
			runOnlyForDeploymentPostprocessing = 0;
			shellPath = /bin/sh;
			shellScript = "diff \"${PODS_ROOT}/../Podfile.lock\" \"${PODS_ROOT}/Manifest.lock\" > /dev/null\nif [[ $? != 0 ]] ; then\n    cat << EOM\nerror: The sandbox is not in sync with the Podfile.lock. Run 'pod install' or update your CocoaPods installation.\nEOM\n    exit 1\nfi\n";
			showEnvVarsInLog = 0;
		};
		FA5674774568B2D090B5148C /* Copy Pods Resources */ = {
			isa = PBXShellScriptBuildPhase;
			buildActionMask = 2147483647;
			files = (
			);
			inputPaths = (
			);
			name = "Copy Pods Resources";
			outputPaths = (
			);
			runOnlyForDeploymentPostprocessing = 0;
			shellPath = /bin/sh;
			shellScript = "\"${SRCROOT}/Pods/Target Support Files/Pods/Pods-resources.sh\"\n";
			showEnvVarsInLog = 0;
		};
/* End PBXShellScriptBuildPhase section */

/* Begin PBXSourcesBuildPhase section */
		F52B74E41BEF0660009612F8 /* Sources */ = {
			isa = PBXSourcesBuildPhase;
			buildActionMask = 2147483647;
			files = (
				F5F0F13D1BFD6C690099D9C1 /* MathHelper.swift in Sources */,
				F536EC251BFE1E1000B14155 /* UIImageEffects.swift in Sources */,
				F590C5911BF58F8C00E4D2B1 /* LayerEnum.swift in Sources */,
				F55FCFE61BF7674300CC4D1D /* UINavigationControllerExtensions.swift in Sources */,
				F510160B1BEFAE4B0001A255 /* ColorPickerViewController.swift in Sources */,
				F52B74FE1BEF06E3009612F8 /* DrawingView.swift in Sources */,
				F54BFA311BF7A3880088BCF1 /* GAHelper.swift in Sources */,
				F52B74EE1BEF0660009612F8 /* DrawingViewController.swift in Sources */,
				F51631351BF112A2005D997B /* Layer.swift in Sources */,
				F536EC271BFE208600B14155 /* UIColorExtensions.swift in Sources */,
				F510160E1BEFC64E0001A255 /* DrawingOptions.swift in Sources */,
				F5D1F1911BF56C8400844824 /* Orientation.swift in Sources */,
				F536EC231BFE19E100B14155 /* UIViewExtensions.swift in Sources */,
				F55FCFE81BF76DA000CC4D1D /* UIBezierPathExtensions.swift in Sources */,
				F52B74EC1BEF0660009612F8 /* AppDelegate.swift in Sources */,
				F590C58F1BF57B0F00E4D2B1 /* FileSystemHelperFunctions.swift in Sources */,
				F58F68321BF5098100F59996 /* LayerTableViewController.swift in Sources */,
				F51016101BEFCAF70001A255 /* Stroke.swift in Sources */,
			);
			runOnlyForDeploymentPostprocessing = 0;
		};
/* End PBXSourcesBuildPhase section */

/* Begin PBXVariantGroup section */
		F52B74EF1BEF0660009612F8 /* Main.storyboard */ = {
			isa = PBXVariantGroup;
			children = (
				F52B74F01BEF0660009612F8 /* Base */,
			);
			name = Main.storyboard;
			sourceTree = "<group>";
		};
		F52B74F41BEF0660009612F8 /* LaunchScreen.storyboard */ = {
			isa = PBXVariantGroup;
			children = (
				F52B74F51BEF0660009612F8 /* Base */,
			);
			name = LaunchScreen.storyboard;
			sourceTree = "<group>";
		};
/* End PBXVariantGroup section */

/* Begin XCBuildConfiguration section */
		F52B74F81BEF0660009612F8 /* Debug */ = {
			isa = XCBuildConfiguration;
			buildSettings = {
				ALWAYS_SEARCH_USER_PATHS = NO;
				CLANG_CXX_LANGUAGE_STANDARD = "gnu++0x";
				CLANG_CXX_LIBRARY = "libc++";
				CLANG_ENABLE_MODULES = YES;
				CLANG_ENABLE_OBJC_ARC = YES;
				CLANG_WARN_BOOL_CONVERSION = YES;
				CLANG_WARN_CONSTANT_CONVERSION = YES;
				CLANG_WARN_DIRECT_OBJC_ISA_USAGE = YES_ERROR;
				CLANG_WARN_EMPTY_BODY = YES;
				CLANG_WARN_ENUM_CONVERSION = YES;
				CLANG_WARN_INT_CONVERSION = YES;
				CLANG_WARN_OBJC_ROOT_CLASS = YES_ERROR;
				CLANG_WARN_UNREACHABLE_CODE = YES;
				CLANG_WARN__DUPLICATE_METHOD_MATCH = YES;
				"CODE_SIGN_IDENTITY[sdk=iphoneos*]" = "iPhone Developer";
				COPY_PHASE_STRIP = NO;
				DEBUG_INFORMATION_FORMAT = dwarf;
				ENABLE_STRICT_OBJC_MSGSEND = YES;
				ENABLE_TESTABILITY = YES;
				GCC_C_LANGUAGE_STANDARD = gnu99;
				GCC_DYNAMIC_NO_PIC = NO;
				GCC_NO_COMMON_BLOCKS = YES;
				GCC_OPTIMIZATION_LEVEL = 0;
				GCC_PREPROCESSOR_DEFINITIONS = (
					"DEBUG=1",
					"$(inherited)",
				);
				GCC_WARN_64_TO_32_BIT_CONVERSION = YES;
				GCC_WARN_ABOUT_RETURN_TYPE = YES_ERROR;
				GCC_WARN_UNDECLARED_SELECTOR = YES;
				GCC_WARN_UNINITIALIZED_AUTOS = YES_AGGRESSIVE;
				GCC_WARN_UNUSED_FUNCTION = YES;
				GCC_WARN_UNUSED_VARIABLE = YES;
				IPHONEOS_DEPLOYMENT_TARGET = 9.1;
				MTL_ENABLE_DEBUG_INFO = YES;
				ONLY_ACTIVE_ARCH = YES;
				SDKROOT = iphoneos;
				SWIFT_OPTIMIZATION_LEVEL = "-Onone";
				TARGETED_DEVICE_FAMILY = "1,2";
			};
			name = Debug;
		};
		F52B74F91BEF0660009612F8 /* Release */ = {
			isa = XCBuildConfiguration;
			buildSettings = {
				ALWAYS_SEARCH_USER_PATHS = NO;
				CLANG_CXX_LANGUAGE_STANDARD = "gnu++0x";
				CLANG_CXX_LIBRARY = "libc++";
				CLANG_ENABLE_MODULES = YES;
				CLANG_ENABLE_OBJC_ARC = YES;
				CLANG_WARN_BOOL_CONVERSION = YES;
				CLANG_WARN_CONSTANT_CONVERSION = YES;
				CLANG_WARN_DIRECT_OBJC_ISA_USAGE = YES_ERROR;
				CLANG_WARN_EMPTY_BODY = YES;
				CLANG_WARN_ENUM_CONVERSION = YES;
				CLANG_WARN_INT_CONVERSION = YES;
				CLANG_WARN_OBJC_ROOT_CLASS = YES_ERROR;
				CLANG_WARN_UNREACHABLE_CODE = YES;
				CLANG_WARN__DUPLICATE_METHOD_MATCH = YES;
				"CODE_SIGN_IDENTITY[sdk=iphoneos*]" = "iPhone Developer";
				COPY_PHASE_STRIP = NO;
				DEBUG_INFORMATION_FORMAT = "dwarf-with-dsym";
				ENABLE_NS_ASSERTIONS = NO;
				ENABLE_STRICT_OBJC_MSGSEND = YES;
				GCC_C_LANGUAGE_STANDARD = gnu99;
				GCC_NO_COMMON_BLOCKS = YES;
				GCC_WARN_64_TO_32_BIT_CONVERSION = YES;
				GCC_WARN_ABOUT_RETURN_TYPE = YES_ERROR;
				GCC_WARN_UNDECLARED_SELECTOR = YES;
				GCC_WARN_UNINITIALIZED_AUTOS = YES_AGGRESSIVE;
				GCC_WARN_UNUSED_FUNCTION = YES;
				GCC_WARN_UNUSED_VARIABLE = YES;
				IPHONEOS_DEPLOYMENT_TARGET = 9.1;
				MTL_ENABLE_DEBUG_INFO = NO;
				SDKROOT = iphoneos;
				TARGETED_DEVICE_FAMILY = "1,2";
				VALIDATE_PRODUCT = YES;
			};
			name = Release;
		};
		F52B74FB1BEF0660009612F8 /* Debug */ = {
			isa = XCBuildConfiguration;
			baseConfigurationReference = 71CCA0E07E74FA513B7C2023 /* Pods.debug.xcconfig */;
			buildSettings = {
				ASSETCATALOG_COMPILER_APPICON_NAME = AppIcon;
				CODE_SIGN_IDENTITY = "iPhone Developer";
				"CODE_SIGN_IDENTITY[sdk=iphoneos*]" = "iPhone Developer";
				ENABLE_BITCODE = YES;
				INFOPLIST_FILE = Drawn/Info.plist;
				LD_RUNPATH_SEARCH_PATHS = "$(inherited) @executable_path/Frameworks";
				PRODUCT_BUNDLE_IDENTIFIER = com.skyapps.Drawn;
				PRODUCT_NAME = "$(TARGET_NAME)";
				PROVISIONING_PROFILE = "";
				SWIFT_OBJC_BRIDGING_HEADER = "Drawn/Drawn-Bridging-Header.h";
			};
			name = Debug;
		};
		F52B74FC1BEF0660009612F8 /* Release */ = {
			isa = XCBuildConfiguration;
			baseConfigurationReference = 591AED306C819495F17A3E64 /* Pods.release.xcconfig */;
			buildSettings = {
				ASSETCATALOG_COMPILER_APPICON_NAME = AppIcon;
				CODE_SIGN_IDENTITY = "iPhone Developer";
				"CODE_SIGN_IDENTITY[sdk=iphoneos*]" = "iPhone Developer";
				ENABLE_BITCODE = YES;
				INFOPLIST_FILE = Drawn/Info.plist;
				LD_RUNPATH_SEARCH_PATHS = "$(inherited) @executable_path/Frameworks";
				PRODUCT_BUNDLE_IDENTIFIER = com.skyapps.Drawn;
				PRODUCT_NAME = "$(TARGET_NAME)";
				PROVISIONING_PROFILE = "";
				SWIFT_OBJC_BRIDGING_HEADER = "Drawn/Drawn-Bridging-Header.h";
			};
			name = Release;
		};
/* End XCBuildConfiguration section */

/* Begin XCConfigurationList section */
		F52B74E31BEF0660009612F8 /* Build configuration list for PBXProject "Drawn" */ = {
			isa = XCConfigurationList;
			buildConfigurations = (
				F52B74F81BEF0660009612F8 /* Debug */,
				F52B74F91BEF0660009612F8 /* Release */,
			);
			defaultConfigurationIsVisible = 0;
			defaultConfigurationName = Release;
		};
		F52B74FA1BEF0660009612F8 /* Build configuration list for PBXNativeTarget "Drawn" */ = {
			isa = XCConfigurationList;
			buildConfigurations = (
				F52B74FB1BEF0660009612F8 /* Debug */,
				F52B74FC1BEF0660009612F8 /* Release */,
			);
			defaultConfigurationIsVisible = 0;
			defaultConfigurationName = Release;
		};
/* End XCConfigurationList section */
	};
	rootObject = F52B74E01BEF0660009612F8 /* Project object */;
}
